
Microsoft Visual Studio Solution File, Format Version 12.00
# Visual Studio Version 17
VisualStudioVersion = 17.0.32126.317
MinimumVisualStudioVersion = 10.0.40219.1
Project("{9A19103F-16F7-4668-BE54-9A1E7A4F7556}") = "PrimeService.Tests", "PrimeService.Tests\PrimeService.Tests.csproj", "{B18FA9BA-E620-43AD-B4FB-02366B525F7D}"
EndProject
Project("{9A19103F-16F7-4668-BE54-9A1E7A4F7556}") = "PrimeService", "PrimeService\PrimeService.csproj", "{2AED9274-1211-47C0-AF3C-ECC729F6FE8C}"
EndProject
Global
	GlobalSection(SolutionConfigurationPlatforms) = preSolution
		Debug|Any CPU = Debug|Any CPU
		Release|Any CPU = Release|Any CPU
	EndGlobalSection
	GlobalSection(ProjectConfigurationPlatforms) = postSolution
		{B18FA9BA-E620-43AD-B4FB-02366B525F7D}.Debug|Any CPU.ActiveCfg = Debug|Any CPU
		{B18FA9BA-E620-43AD-B4FB-02366B525F7D}.Debug|Any CPU.Build.0 = Debug|Any CPU
		{B18FA9BA-E620-43AD-B4FB-02366B525F7D}.Release|Any CPU.ActiveCfg = Release|Any CPU
		{B18FA9BA-E620-43AD-B4FB-02366B525F7D}.Release|Any CPU.Build.0 = Release|Any CPU
		{2AED9274-1211-47C0-AF3C-ECC729F6FE8C}.Debug|Any CPU.ActiveCfg = Debug|Any CPU
		{2AED9274-1211-47C0-AF3C-ECC729F6FE8C}.Debug|Any CPU.Build.0 = Debug|Any CPU
		{2AED9274-1211-47C0-AF3C-ECC729F6FE8C}.Release|Any CPU.ActiveCfg = Release|Any CPU
		{2AED9274-1211-47C0-AF3C-ECC729F6FE8C}.Release|Any CPU.Build.0 = Release|Any CPU
	EndGlobalSection
	GlobalSection(SolutionProperties) = preSolution
		HideSolutionNode = FALSE
	EndGlobalSection
	GlobalSection(ExtensibilityGlobals) = postSolution
		SolutionGuid = {5290CBCF-250D-4EB0-8721-3BD02C986570}
	EndGlobalSection
EndGlobal
